
Microsoft Visual Studio Solution File, Format Version 12.00
Project("{FAE04EC0-301F-11D3-BF4B-00C04F79EFBC}") = "DNS Application", "DNS Application\DNS Application.csproj", "{EBEE3A83-1C77-4814-AD9F-E371206CA19B}"
EndProject
Global
	GlobalSection(SolutionConfigurationPlatforms) = preSolution
		Debug|Any CPU = Debug|Any CPU
		Release|Any CPU = Release|Any CPU
	EndGlobalSection
	GlobalSection(ProjectConfigurationPlatforms) = postSolution
		{EBEE3A83-1C77-4814-AD9F-E371206CA19B}.Debug|Any CPU.ActiveCfg = Debug|Any CPU
		{EBEE3A83-1C77-4814-AD9F-E371206CA19B}.Debug|Any CPU.Build.0 = Debug|Any CPU
		{EBEE3A83-1C77-4814-AD9F-E371206CA19B}.Release|Any CPU.ActiveCfg = Release|Any CPU
		{EBEE3A83-1C77-4814-AD9F-E371206CA19B}.Release|Any CPU.Build.0 = Release|Any CPU
	EndGlobalSection
EndGlobal
