
Microsoft Visual Studio Solution File, Format Version 12.00
# Visual Studio Version 17
VisualStudioVersion = 17.13.35806.99 d17.13
MinimumVisualStudioVersion = 10.0.40219.1
Project("{FAE04EC0-301F-11D3-BF4B-00C04F79EFBC}") = "UDP-conection", "UDP-conection\UDP-conection.csproj", "{3C198597-6707-451C-9EFD-103FC7C6A9AA}"
EndProject
Global
	GlobalSection(SolutionConfigurationPlatforms) = preSolution
		Debug|Any CPU = Debug|Any CPU
		Release|Any CPU = Release|Any CPU
	EndGlobalSection
	GlobalSection(ProjectConfigurationPlatforms) = postSolution
		{3C198597-6707-451C-9EFD-103FC7C6A9AA}.Debug|Any CPU.ActiveCfg = Debug|Any CPU
		{3C198597-6707-451C-9EFD-103FC7C6A9AA}.Debug|Any CPU.Build.0 = Debug|Any CPU
		{3C198597-6707-451C-9EFD-103FC7C6A9AA}.Release|Any CPU.ActiveCfg = Release|Any CPU
		{3C198597-6707-451C-9EFD-103FC7C6A9AA}.Release|Any CPU.Build.0 = Release|Any CPU
	EndGlobalSection
	GlobalSection(SolutionProperties) = preSolution
		HideSolutionNode = FALSE
	EndGlobalSection
	GlobalSection(ExtensibilityGlobals) = postSolution
		SolutionGuid = {289022BC-7057-4A92-BDEF-6717E3259973}
	EndGlobalSection
EndGlobal
